Microsoft Visual Studio Solution File, Format Version 7.00
Project("{F184B08F-C81C-45F6-A57F-5ABD9991F28F}") = "vb", "vb.vbproj", "{9C786CE8-8D9C-4A37-B3DB-03E7709FFA37}"
EndProject
Global
	GlobalSection(SolutionConfiguration) = preSolution
		ConfigName.0 = Debug
		ConfigName.1 = Release
	EndGlobalSection
	GlobalSection(ProjectDependencies) = postSolution
	EndGlobalSection
	GlobalSection(ProjectConfiguration) = postSolution
		{9C786CE8-8D9C-4A37-B3DB-03E7709FFA37}.Debug.ActiveCfg = Debug|.NET
		{9C786CE8-8D9C-4A37-B3DB-03E7709FFA37}.Debug.Build.0 = Debug|.NET
		{9C786CE8-8D9C-4A37-B3DB-03E7709FFA37}.Release.ActiveCfg = Release|.NET
		{9C786CE8-8D9C-4A37-B3DB-03E7709FFA37}.Release.Build.0 = Release|.NET
	EndGlobalSection
	GlobalSection(ExtensibilityGlobals) = postSolution
	EndGlobalSection
	GlobalSection(ExtensibilityAddIns) = postSolution
	EndGlobalSection
EndGlobal
